// !$*UTF8*$!
{
	archiveVersion = 1;
	classes = {
	};
	objectVersion = 51;
	objects = {

/* Begin PBXBuildFile section */
		000C6A14244CED250006197D /* CategoryCollectionViewController.swift in Sources */ = {isa = PBXBuildFile; fileRef = 000C6A13244CED250006197D /* CategoryCollectionViewController.swift */; };
		000C6A16244CEDDA0006197D /* CategoryCollectionViewCell.swift in Sources */ = {isa = PBXBuildFile; fileRef = 000C6A15244CEDDA0006197D /* CategoryCollectionViewCell.swift */; };
		000C6A18244CEF1F0006197D /* GoogleService-Info.plist in Resources */ = {isa = PBXBuildFile; fileRef = 000C6A17244CEF1F0006197D /* GoogleService-Info.plist */; };
		00440704244E219900B20A25 /* ItemsTableViewController.swift in Sources */ = {isa = PBXBuildFile; fileRef = 00440703244E219900B20A25 /* ItemsTableViewController.swift */; };
		00440706244E295500B20A25 /* Item.swift in Sources */ = {isa = PBXBuildFile; fileRef = 00440705244E295500B20A25 /* Item.swift */; };
		00440708244E47A300B20A25 /* AddItemViewController.swift in Sources */ = {isa = PBXBuildFile; fileRef = 00440707244E47A300B20A25 /* AddItemViewController.swift */; };
		0044070A244E6D7D00B20A25 /* Downloader.swift in Sources */ = {isa = PBXBuildFile; fileRef = 00440709244E6D7D00B20A25 /* Downloader.swift */; };
		004686782450AFF7004407C1 /* ItemViewController.swift in Sources */ = {isa = PBXBuildFile; fileRef = 004686772450AFF7004407C1 /* ItemViewController.swift */; };
		0046867A2450B81C004407C1 /* ImageCollectionViewCell.swift in Sources */ = {isa = PBXBuildFile; fileRef = 004686792450B81C004407C1 /* ImageCollectionViewCell.swift */; };
		0093A914244D05DB00861B34 /* Constants.swift in Sources */ = {isa = PBXBuildFile; fileRef = 0093A913244D05DB00861B34 /* Constants.swift */; };
		00BF825A244CFCE60022A71F /* FirebaseCollectionReference.swift in Sources */ = {isa = PBXBuildFile; fileRef = 00BF8259244CFCE60022A71F /* FirebaseCollectionReference.swift */; };
		00BF825F244D01E40022A71F /* Category.swift in Sources */ = {isa = PBXBuildFile; fileRef = 00BF825E244D01E40022A71F /* Category.swift */; };
		00C02D5A244FC422009D4E45 /* HelperFunc.swift in Sources */ = {isa = PBXBuildFile; fileRef = 00C02D59244FC422009D4E45 /* HelperFunc.swift */; };
		00D75384244CE26E005CA844 /* AppDelegate.swift in Sources */ = {isa = PBXBuildFile; fileRef = 00D75383244CE26E005CA844 /* AppDelegate.swift */; };
		00D75386244CE26E005CA844 /* SceneDelegate.swift in Sources */ = {isa = PBXBuildFile; fileRef = 00D75385244CE26E005CA844 /* SceneDelegate.swift */; };
		00D7538B244CE26E005CA844 /* Main.storyboard in Resources */ = {isa = PBXBuildFile; fileRef = 00D75389244CE26E005CA844 /* Main.storyboard */; };
		00D7538D244CE270005CA844 /* Assets.xcassets in Resources */ = {isa = PBXBuildFile; fileRef = 00D7538C244CE270005CA844 /* Assets.xcassets */; };
		00D75390244CE270005CA844 /* LaunchScreen.storyboard in Resources */ = {isa = PBXBuildFile; fileRef = 00D7538E244CE270005CA844 /* LaunchScreen.storyboard */; };
		00E867F8245375F600296490 /* Basket.swift in Sources */ = {isa = PBXBuildFile; fileRef = 00E867F7245375F600296490 /* Basket.swift */; };
		00F80CDC244F910F0036413F /* ItemTableViewCell.swift in Sources */ = {isa = PBXBuildFile; fileRef = 00F80CDB244F910F0036413F /* ItemTableViewCell.swift */; };
		067F6D2C08A05E71DA6BE7C5 /* Pods_OnlineShopApp.framework in Frameworks */ = {isa = PBXBuildFile; fileRef = 799C7EE7EE5425F47FD5239D /* Pods_OnlineShopApp.framework */; };
/* End PBXBuildFile section */

/* Begin PBXFileReference section */
		000C6A13244CED250006197D /* CategoryCollectionViewController.swift */ = {isa = PBXFileReference; lastKnownFileType = sourcecode.swift; path = CategoryCollectionViewController.swift; sourceTree = "<group>"; };
		000C6A15244CEDDA0006197D /* CategoryCollectionViewCell.swift */ = {isa = PBXFileReference; lastKnownFileType = sourcecode.swift; path = CategoryCollectionViewCell.swift; sourceTree = "<group>"; };
		000C6A17244CEF1F0006197D /* GoogleService-Info.plist */ = {isa = PBXFileReference; fileEncoding = 4; lastKnownFileType = text.plist.xml; path = "GoogleService-Info.plist"; sourceTree = "<group>"; };
		00440703244E219900B20A25 /* ItemsTableViewController.swift */ = {isa = PBXFileReference; lastKnownFileType = sourcecode.swift; path = ItemsTableViewController.swift; sourceTree = "<group>"; };
		00440705244E295500B20A25 /* Item.swift */ = {isa = PBXFileReference; lastKnownFileType = sourcecode.swift; path = Item.swift; sourceTree = "<group>"; };
		00440707244E47A300B20A25 /* AddItemViewController.swift */ = {isa = PBXFileReference; lastKnownFileType = sourcecode.swift; path = AddItemViewController.swift; sourceTree = "<group>"; };
		00440709244E6D7D00B20A25 /* Downloader.swift */ = {isa = PBXFileReference; lastKnownFileType = sourcecode.swift; path = Downloader.swift; sourceTree = "<group>"; };
		004686772450AFF7004407C1 /* ItemViewController.swift */ = {isa = PBXFileReference; lastKnownFileType = sourcecode.swift; path = ItemViewController.swift; sourceTree = "<group>"; };
		004686792450B81C004407C1 /* ImageCollectionViewCell.swift */ = {isa = PBXFileReference; lastKnownFileType = sourcecode.swift; path = ImageCollectionViewCell.swift; sourceTree = "<group>"; };
		0093A913244D05DB00861B34 /* Constants.swift */ = {isa = PBXFileReference; lastKnownFileType = sourcecode.swift; path = Constants.swift; sourceTree = "<group>"; };
		00BF8259244CFCE60022A71F /* FirebaseCollectionReference.swift */ = {isa = PBXFileReference; lastKnownFileType = sourcecode.swift; path = FirebaseCollectionReference.swift; sourceTree = "<group>"; };
		00BF825E244D01E40022A71F /* Category.swift */ = {isa = PBXFileReference; lastKnownFileType = sourcecode.swift; path = Category.swift; sourceTree = "<group>"; };
		00C02D59244FC422009D4E45 /* HelperFunc.swift */ = {isa = PBXFileReference; lastKnownFileType = sourcecode.swift; path = HelperFunc.swift; sourceTree = "<group>"; };
		00D75380244CE26E005CA844 /* OnlineShopApp.app */ = {isa = PBXFileReference; explicitFileType = wrapper.application; includeInIndex = 0; path = OnlineShopApp.app; sourceTree = BUILT_PRODUCTS_DIR; };
		00D75383244CE26E005CA844 /* AppDelegate.swift */ = {isa = PBXFileReference; lastKnownFileType = sourcecode.swift; path = AppDelegate.swift; sourceTree = "<group>"; };
		00D75385244CE26E005CA844 /* SceneDelegate.swift */ = {isa = PBXFileReference; lastKnownFileType = sourcecode.swift; path = SceneDelegate.swift; sourceTree = "<group>"; };
		00D7538A244CE26E005CA844 /* Base */ = {isa = PBXFileReference; lastKnownFileType = file.storyboard; name = Base; path = Base.lproj/Main.storyboard; sourceTree = "<group>"; };
		00D7538C244CE270005CA844 /* Assets.xcassets */ = {isa = PBXFileReference; lastKnownFileType = folder.assetcatalog; path = Assets.xcassets; sourceTree = "<group>"; };
		00D7538F244CE270005CA844 /* Base */ = {isa = PBXFileReference; lastKnownFileType = file.storyboard; name = Base; path = Base.lproj/LaunchScreen.storyboard; sourceTree = "<group>"; };
		00D75391244CE270005CA844 /* Info.plist */ = {isa = PBXFileReference; lastKnownFileType = text.plist.xml; path = Info.plist; sourceTree = "<group>"; };
		00E867F7245375F600296490 /* Basket.swift */ = {isa = PBXFileReference; lastKnownFileType = sourcecode.swift; path = Basket.swift; sourceTree = "<group>"; };
		00F80CDB244F910F0036413F /* ItemTableViewCell.swift */ = {isa = PBXFileReference; lastKnownFileType = sourcecode.swift; path = ItemTableViewCell.swift; sourceTree = "<group>"; };
		3057E16D7AA966438CEDA125 /* Pods-OnlineShopApp.debug.xcconfig */ = {isa = PBXFileReference; includeInIndex = 1; lastKnownFileType = text.xcconfig; name = "Pods-OnlineShopApp.debug.xcconfig"; path = "Target Support Files/Pods-OnlineShopApp/Pods-OnlineShopApp.debug.xcconfig"; sourceTree = "<group>"; };
		49E2EA9896AF836C3697B77B /* Pods-OnlineShopApp.release.xcconfig */ = {isa = PBXFileReference; includeInIndex = 1; lastKnownFileType = text.xcconfig; name = "Pods-OnlineShopApp.release.xcconfig"; path = "Target Support Files/Pods-OnlineShopApp/Pods-OnlineShopApp.release.xcconfig"; sourceTree = "<group>"; };
		799C7EE7EE5425F47FD5239D /* Pods_OnlineShopApp.framework */ = {isa = PBXFileReference; explicitFileType = wrapper.framework; includeInIndex = 0; path = Pods_OnlineShopApp.framework; sourceTree = BUILT_PRODUCTS_DIR; };
/* End PBXFileReference section */

/* Begin PBXFrameworksBuildPhase section */
		00D7537D244CE26E005CA844 /* Frameworks */ = {
			isa = PBXFrameworksBuildPhase;
			buildActionMask = 2147483647;
			files = (
				067F6D2C08A05E71DA6BE7C5 /* Pods_OnlineShopApp.framework in Frameworks */,
			);
			runOnlyForDeploymentPostprocessing = 0;
		};
/* End PBXFrameworksBuildPhase section */

/* Begin PBXGroup section */
		00BF825B244D01710022A71F /* Helpers */ = {
			isa = PBXGroup;
			children = (
				00BF8259244CFCE60022A71F /* FirebaseCollectionReference.swift */,
				00440709244E6D7D00B20A25 /* Downloader.swift */,
				0093A913244D05DB00861B34 /* Constants.swift */,
				00C02D59244FC422009D4E45 /* HelperFunc.swift */,
			);
			path = Helpers;
			sourceTree = "<group>";
		};
		00BF825C244D01840022A71F /* MainViews */ = {
			isa = PBXGroup;
			children = (
				000C6A13244CED250006197D /* CategoryCollectionViewController.swift */,
				00440703244E219900B20A25 /* ItemsTableViewController.swift */,
				00440707244E47A300B20A25 /* AddItemViewController.swift */,
				004686772450AFF7004407C1 /* ItemViewController.swift */,
			);
			path = MainViews;
			sourceTree = "<group>";
		};
		00BF825D244D01960022A71F /* CustomCells */ = {
			isa = PBXGroup;
			children = (
				000C6A15244CEDDA0006197D /* CategoryCollectionViewCell.swift */,
				00F80CDB244F910F0036413F /* ItemTableViewCell.swift */,
				004686792450B81C004407C1 /* ImageCollectionViewCell.swift */,
			);
			path = CustomCells;
			sourceTree = "<group>";
		};
		00BF8260244D01E90022A71F /* Model */ = {
			isa = PBXGroup;
			children = (
				00BF825E244D01E40022A71F /* Category.swift */,
				00440705244E295500B20A25 /* Item.swift */,
				00E867F7245375F600296490 /* Basket.swift */,
			);
			path = Model;
			sourceTree = "<group>";
		};
		00D75377244CE26E005CA844 = {
			isa = PBXGroup;
			children = (
				00D75382244CE26E005CA844 /* OnlineShopApp */,
				00D75381244CE26E005CA844 /* Products */,
				73CD44CFFA5B062A3E22BB14 /* Pods */,
				584E045E86E9C54C3E91E28E /* Frameworks */,
			);
			sourceTree = "<group>";
		};
		00D75381244CE26E005CA844 /* Products */ = {
			isa = PBXGroup;
			children = (
				00D75380244CE26E005CA844 /* OnlineShopApp.app */,
			);
			name = Products;
			sourceTree = "<group>";
		};
		00D75382244CE26E005CA844 /* OnlineShopApp */ = {
			isa = PBXGroup;
			children = (
				00D75383244CE26E005CA844 /* AppDelegate.swift */,
				00D75385244CE26E005CA844 /* SceneDelegate.swift */,
				00BF8260244D01E90022A71F /* Model */,
				00BF825C244D01840022A71F /* MainViews */,
				00BF825B244D01710022A71F /* Helpers */,
				00BF825D244D01960022A71F /* CustomCells */,
				00D75389244CE26E005CA844 /* Main.storyboard */,
				00D7538C244CE270005CA844 /* Assets.xcassets */,
				000C6A17244CEF1F0006197D /* GoogleService-Info.plist */,
				00D7538E244CE270005CA844 /* LaunchScreen.storyboard */,
				00D75391244CE270005CA844 /* Info.plist */,
			);
			path = OnlineShopApp;
			sourceTree = "<group>";
		};
		584E045E86E9C54C3E91E28E /* Frameworks */ = {
			isa = PBXGroup;
			children = (
				799C7EE7EE5425F47FD5239D /* Pods_OnlineShopApp.framework */,
			);
			name = Frameworks;
			sourceTree = "<group>";
		};
		73CD44CFFA5B062A3E22BB14 /* Pods */ = {
			isa = PBXGroup;
			children = (
				3057E16D7AA966438CEDA125 /* Pods-OnlineShopApp.debug.xcconfig */,
				49E2EA9896AF836C3697B77B /* Pods-OnlineShopApp.release.xcconfig */,
			);
			path = Pods;
			sourceTree = "<group>";
		};
/* End PBXGroup section */

/* Begin PBXNativeTarget section */
		00D7537F244CE26E005CA844 /* OnlineShopApp */ = {
			isa = PBXNativeTarget;
			buildConfigurationList = 00D75394244CE270005CA844 /* Build configuration list for PBXNativeTarget "OnlineShopApp" */;
			buildPhases = (
				D340CD532BD8F976BD2B8452 /* [CP] Check Pods Manifest.lock */,
				00D7537C244CE26E005CA844 /* Sources */,
				00D7537D244CE26E005CA844 /* Frameworks */,
				00D7537E244CE26E005CA844 /* Resources */,
				F123BDBFA252146ADDED724E /* [CP] Embed Pods Frameworks */,
			);
			buildRules = (
			);
			dependencies = (
			);
			name = OnlineShopApp;
			productName = OnlineShopApp;
			productReference = 00D75380244CE26E005CA844 /* OnlineShopApp.app */;
			productType = "com.apple.product-type.application";
		};
/* End PBXNativeTarget section */

/* Begin PBXProject section */
		00D75378244CE26E005CA844 /* Project object */ = {
			isa = PBXProject;
			attributes = {
				LastSwiftUpdateCheck = 1140;
				LastUpgradeCheck = 1140;
				ORGANIZATIONNAME = MCT;
				TargetAttributes = {
					00D7537F244CE26E005CA844 = {
						CreatedOnToolsVersion = 11.4.1;
					};
				};
			};
			buildConfigurationList = 00D7537B244CE26E005CA844 /* Build configuration list for PBXProject "OnlineShopApp" */;
			compatibilityVersion = "Xcode 9.3";
			developmentRegion = en;
			hasScannedForEncodings = 0;
			knownRegions = (
				en,
				Base,
			);
			mainGroup = 00D75377244CE26E005CA844;
			productRefGroup = 00D75381244CE26E005CA844 /* Products */;
			projectDirPath = "";
			projectRoot = "";
			targets = (
				00D7537F244CE26E005CA844 /* OnlineShopApp */,
			);
		};
/* End PBXProject section */

/* Begin PBXResourcesBuildPhase section */
		00D7537E244CE26E005CA844 /* Resources */ = {
			isa = PBXResourcesBuildPhase;
			buildActionMask = 2147483647;
			files = (
				00D75390244CE270005CA844 /* LaunchScreen.storyboard in Resources */,
				000C6A18244CEF1F0006197D /* GoogleService-Info.plist in Resources */,
				00D7538D244CE270005CA844 /* Assets.xcassets in Resources */,
				00D7538B244CE26E005CA844 /* Main.storyboard in Resources */,
			);
			runOnlyForDeploymentPostprocessing = 0;
		};
/* End PBXResourcesBuildPhase section */

/* Begin PBXShellScriptBuildPhase section */
		D340CD532BD8F976BD2B8452 /* [CP] Check Pods Manifest.lock */ = {
			isa = PBXShellScriptBuildPhase;
			buildActionMask = 2147483647;
			files = (
			);
			inputFileListPaths = (
			);
			inputPaths = (
				"${PODS_PODFILE_DIR_PATH}/Podfile.lock",
				"${PODS_ROOT}/Manifest.lock",
			);
			name = "[CP] Check Pods Manifest.lock";
			outputFileListPaths = (
			);
			outputPaths = (
				"$(DERIVED_FILE_DIR)/Pods-OnlineShopApp-checkManifestLockResult.txt",
			);
			runOnlyForDeploymentPostprocessing = 0;
			shellPath = /bin/sh;
			shellScript = "diff \"${PODS_PODFILE_DIR_PATH}/Podfile.lock\" \"${PODS_ROOT}/Manifest.lock\" > /dev/null\nif [ $? != 0 ] ; then\n    # print error to STDERR\n    echo \"error: The sandbox is not in sync with the Podfile.lock. Run 'pod install' or update your CocoaPods installation.\" >&2\n    exit 1\nfi\n# This output is used by Xcode 'outputs' to avoid re-running this script phase.\necho \"SUCCESS\" > \"${SCRIPT_OUTPUT_FILE_0}\"\n";
			showEnvVarsInLog = 0;
		};
		F123BDBFA252146ADDED724E /* [CP] Embed Pods Frameworks */ = {
			isa = PBXShellScriptBuildPhase;
			buildActionMask = 2147483647;
			files = (
			);
			inputFileListPaths = (
				"${PODS_ROOT}/Target Support Files/Pods-OnlineShopApp/Pods-OnlineShopApp-frameworks-${CONFIGURATION}-input-files.xcfilelist",
			);
			name = "[CP] Embed Pods Frameworks";
			outputFileListPaths = (
				"${PODS_ROOT}/Target Support Files/Pods-OnlineShopApp/Pods-OnlineShopApp-frameworks-${CONFIGURATION}-output-files.xcfilelist",
			);
			runOnlyForDeploymentPostprocessing = 0;
			shellPath = /bin/sh;
			shellScript = "\"${PODS_ROOT}/Target Support Files/Pods-OnlineShopApp/Pods-OnlineShopApp-frameworks.sh\"\n";
			showEnvVarsInLog = 0;
		};
/* End PBXShellScriptBuildPhase section */

/* Begin PBXSourcesBuildPhase section */
		00D7537C244CE26E005CA844 /* Sources */ = {
			isa = PBXSourcesBuildPhase;
			buildActionMask = 2147483647;
			files = (
				0044070A244E6D7D00B20A25 /* Downloader.swift in Sources */,
				00E867F8245375F600296490 /* Basket.swift in Sources */,
				000C6A16244CEDDA0006197D /* CategoryCollectionViewCell.swift in Sources */,
				00440706244E295500B20A25 /* Item.swift in Sources */,
				00C02D5A244FC422009D4E45 /* HelperFunc.swift in Sources */,
				00D75384244CE26E005CA844 /* AppDelegate.swift in Sources */,
				00F80CDC244F910F0036413F /* ItemTableViewCell.swift in Sources */,
				0046867A2450B81C004407C1 /* ImageCollectionViewCell.swift in Sources */,
				00440704244E219900B20A25 /* ItemsTableViewController.swift in Sources */,
				004686782450AFF7004407C1 /* ItemViewController.swift in Sources */,
				00BF825A244CFCE60022A71F /* FirebaseCollectionReference.swift in Sources */,
				00440708244E47A300B20A25 /* AddItemViewController.swift in Sources */,
				00D75386244CE26E005CA844 /* SceneDelegate.swift in Sources */,
				0093A914244D05DB00861B34 /* Constants.swift in Sources */,
				000C6A14244CED250006197D /* CategoryCollectionViewController.swift in Sources */,
				00BF825F244D01E40022A71F /* Category.swift in Sources */,
			);
			runOnlyForDeploymentPostprocessing = 0;
		};
/* End PBXSourcesBuildPhase section */

/* Begin PBXVariantGroup section */
		00D75389244CE26E005CA844 /* Main.storyboard */ = {
			isa = PBXVariantGroup;
			children = (
				00D7538A244CE26E005CA844 /* Base */,
			);
			name = Main.storyboard;
			sourceTree = "<group>";
		};
		00D7538E244CE270005CA844 /* LaunchScreen.storyboard */ = {
			isa = PBXVariantGroup;
			children = (
				00D7538F244CE270005CA844 /* Base */,
			);
			name = LaunchScreen.storyboard;
			sourceTree = "<group>";
		};
/* End PBXVariantGroup section */

/* Begin XCBuildConfiguration section */
		00D75392244CE270005CA844 /* Debug */ = {
			isa = XCBuildConfiguration;
			buildSettings = {
				ALWAYS_SEARCH_USER_PATHS = NO;
				CLANG_ANALYZER_NONNULL = YES;
				CLANG_ANALYZER_NUMBER_OBJECT_CONVERSION = YES_AGGRESSIVE;
				CLANG_CXX_LANGUAGE_STANDARD = "gnu++14";
				CLANG_CXX_LIBRARY = "libc++";
				CLANG_ENABLE_MODULES = YES;
				CLANG_ENABLE_OBJC_ARC = YES;
				CLANG_ENABLE_OBJC_WEAK = YES;
				CLANG_WARN_BLOCK_CAPTURE_AUTORELEASING = YES;
				CLANG_WARN_BOOL_CONVERSION = YES;
				CLANG_WARN_COMMA = YES;
				CLANG_WARN_CONSTANT_CONVERSION = YES;
				CLANG_WARN_DEPRECATED_OBJC_IMPLEMENTATIONS = YES;
				CLANG_WARN_DIRECT_OBJC_ISA_USAGE = YES_ERROR;
				CLANG_WARN_DOCUMENTATION_COMMENTS = YES;
				CLANG_WARN_EMPTY_BODY = YES;
				CLANG_WARN_ENUM_CONVERSION = YES;
				CLANG_WARN_INFINITE_RECURSION = YES;
				CLANG_WARN_INT_CONVERSION = YES;
				CLANG_WARN_NON_LITERAL_NULL_CONVERSION = YES;
				CLANG_WARN_OBJC_IMPLICIT_RETAIN_SELF = YES;
				CLANG_WARN_OBJC_LITERAL_CONVERSION = YES;
				CLANG_WARN_OBJC_ROOT_CLASS = YES_ERROR;
				CLANG_WARN_RANGE_LOOP_ANALYSIS = YES;
				CLANG_WARN_STRICT_PROTOTYPES = YES;
				CLANG_WARN_SUSPICIOUS_MOVE = YES;
				CLANG_WARN_UNGUARDED_AVAILABILITY = YES_AGGRESSIVE;
				CLANG_WARN_UNREACHABLE_CODE = YES;
				CLANG_WARN__DUPLICATE_METHOD_MATCH = YES;
				COPY_PHASE_STRIP = NO;
				DEBUG_INFORMATION_FORMAT = dwarf;
				ENABLE_STRICT_OBJC_MSGSEND = YES;
				ENABLE_TESTABILITY = YES;
				GCC_C_LANGUAGE_STANDARD = gnu11;
				GCC_DYNAMIC_NO_PIC = NO;
				GCC_NO_COMMON_BLOCKS = YES;
				GCC_OPTIMIZATION_LEVEL = 0;
				GCC_PREPROCESSOR_DEFINITIONS = (
					"DEBUG=1",
					"$(inherited)",
				);
				GCC_WARN_64_TO_32_BIT_CONVERSION = YES;
				GCC_WARN_ABOUT_RETURN_TYPE = YES_ERROR;
				GCC_WARN_UNDECLARED_SELECTOR = YES;
				GCC_WARN_UNINITIALIZED_AUTOS = YES_AGGRESSIVE;
				GCC_WARN_UNUSED_FUNCTION = YES;
				GCC_WARN_UNUSED_VARIABLE = YES;
				IPHONEOS_DEPLOYMENT_TARGET = 13.4;
				MTL_ENABLE_DEBUG_INFO = INCLUDE_SOURCE;
				MTL_FAST_MATH = YES;
				ONLY_ACTIVE_ARCH = YES;
				SDKROOT = iphoneos;
				SWIFT_ACTIVE_COMPILATION_CONDITIONS = DEBUG;
				SWIFT_OPTIMIZATION_LEVEL = "-Onone";
			};
			name = Debug;
		};
		00D75393244CE270005CA844 /* Release */ = {
			isa = XCBuildConfiguration;
			buildSettings = {
				ALWAYS_SEARCH_USER_PATHS = NO;
				CLANG_ANALYZER_NONNULL = YES;
				CLANG_ANALYZER_NUMBER_OBJECT_CONVERSION = YES_AGGRESSIVE;
				CLANG_CXX_LANGUAGE_STANDARD = "gnu++14";
				CLANG_CXX_LIBRARY = "libc++";
				CLANG_ENABLE_MODULES = YES;
				CLANG_ENABLE_OBJC_ARC = YES;
				CLANG_ENABLE_OBJC_WEAK = YES;
				CLANG_WARN_BLOCK_CAPTURE_AUTORELEASING = YES;
				CLANG_WARN_BOOL_CONVERSION = YES;
				CLANG_WARN_COMMA = YES;
				CLANG_WARN_CONSTANT_CONVERSION = YES;
				CLANG_WARN_DEPRECATED_OBJC_IMPLEMENTATIONS = YES;
				CLANG_WARN_DIRECT_OBJC_ISA_USAGE = YES_ERROR;
				CLANG_WARN_DOCUMENTATION_COMMENTS = YES;
				CLANG_WARN_EMPTY_BODY = YES;
				CLANG_WARN_ENUM_CONVERSION = YES;
				CLANG_WARN_INFINITE_RECURSION = YES;
				CLANG_WARN_INT_CONVERSION = YES;
				CLANG_WARN_NON_LITERAL_NULL_CONVERSION = YES;
				CLANG_WARN_OBJC_IMPLICIT_RETAIN_SELF = YES;
				CLANG_WARN_OBJC_LITERAL_CONVERSION = YES;
				CLANG_WARN_OBJC_ROOT_CLASS = YES_ERROR;
				CLANG_WARN_RANGE_LOOP_ANALYSIS = YES;
				CLANG_WARN_STRICT_PROTOTYPES = YES;
				CLANG_WARN_SUSPICIOUS_MOVE = YES;
				CLANG_WARN_UNGUARDED_AVAILABILITY = YES_AGGRESSIVE;
				CLANG_WARN_UNREACHABLE_CODE = YES;
				CLANG_WARN__DUPLICATE_METHOD_MATCH = YES;
				COPY_PHASE_STRIP = NO;
				DEBUG_INFORMATION_FORMAT = "dwarf-with-dsym";
				ENABLE_NS_ASSERTIONS = NO;
				ENABLE_STRICT_OBJC_MSGSEND = YES;
				GCC_C_LANGUAGE_STANDARD = gnu11;
				GCC_NO_COMMON_BLOCKS = YES;
				GCC_WARN_64_TO_32_BIT_CONVERSION = YES;
				GCC_WARN_ABOUT_RETURN_TYPE = YES_ERROR;
				GCC_WARN_UNDECLARED_SELECTOR = YES;
				GCC_WARN_UNINITIALIZED_AUTOS = YES_AGGRESSIVE;
				GCC_WARN_UNUSED_FUNCTION = YES;
				GCC_WARN_UNUSED_VARIABLE = YES;
				IPHONEOS_DEPLOYMENT_TARGET = 13.4;
				MTL_ENABLE_DEBUG_INFO = NO;
				MTL_FAST_MATH = YES;
				SDKROOT = iphoneos;
				SWIFT_COMPILATION_MODE = wholemodule;
				SWIFT_OPTIMIZATION_LEVEL = "-O";
				VALIDATE_PRODUCT = YES;
			};
			name = Release;
		};
		00D75395244CE270005CA844 /* Debug */ = {
			isa = XCBuildConfiguration;
			baseConfigurationReference = 3057E16D7AA966438CEDA125 /* Pods-OnlineShopApp.debug.xcconfig */;
			buildSettings = {
				ASSETCATALOG_COMPILER_APPICON_NAME = AppIcon;
				CODE_SIGN_STYLE = Automatic;
				DEVELOPMENT_TEAM = D4T62J4499;
				INFOPLIST_FILE = OnlineShopApp/Info.plist;
				LD_RUNPATH_SEARCH_PATHS = (
					"$(inherited)",
					"@executable_path/Frameworks",
				);
				PRODUCT_BUNDLE_IDENTIFIER = com.mct.OnlineShopApp;
				PRODUCT_NAME = "$(TARGET_NAME)";
				SWIFT_VERSION = 5.0;
				TARGETED_DEVICE_FAMILY = "1,2";
			};
			name = Debug;
		};
		00D75396244CE270005CA844 /* Release */ = {
			isa = XCBuildConfiguration;
			baseConfigurationReference = 49E2EA9896AF836C3697B77B /* Pods-OnlineShopApp.release.xcconfig */;
			buildSettings = {
				ASSETCATALOG_COMPILER_APPICON_NAME = AppIcon;
				CODE_SIGN_STYLE = Automatic;
				DEVELOPMENT_TEAM = D4T62J4499;
				INFOPLIST_FILE = OnlineShopApp/Info.plist;
				LD_RUNPATH_SEARCH_PATHS = (
					"$(inherited)",
					"@executable_path/Frameworks",
				);
				PRODUCT_BUNDLE_IDENTIFIER = com.mct.OnlineShopApp;
				PRODUCT_NAME = "$(TARGET_NAME)";
				SWIFT_VERSION = 5.0;
				TARGETED_DEVICE_FAMILY = "1,2";
			};
			name = Release;
		};
/* End XCBuildConfiguration section */

/* Begin XCConfigurationList section */
		00D7537B244CE26E005CA844 /* Build configuration list for PBXProject "OnlineShopApp" */ = {
			isa = XCConfigurationList;
			buildConfigurations = (
				00D75392244CE270005CA844 /* Debug */,
				00D75393244CE270005CA844 /* Release */,
			);
			defaultConfigurationIsVisible = 0;
			defaultConfigurationName = Release;
		};
		00D75394244CE270005CA844 /* Build configuration list for PBXNativeTarget "OnlineShopApp" */ = {
			isa = XCConfigurationList;
			buildConfigurations = (
				00D75395244CE270005CA844 /* Debug */,
				00D75396244CE270005CA844 /* Release */,
			);
			defaultConfigurationIsVisible = 0;
			defaultConfigurationName = Release;
		};
/* End XCConfigurationList section */
	};
	rootObject = 00D75378244CE26E005CA844 /* Project object */;
}
